
Microsoft Visual Studio Solution File, Format Version 12.00
# Visual Studio 15
VisualStudioVersion = 15.0.26228.9
MinimumVisualStudioVersion = 10.0.40219.1
Project("{FAE04EC0-301F-11D3-BF4B-00C04F79EFBC}") = "CharlieDog.Dominio", "CharlieDog.Dominio\CharlieDog.Dominio.csproj", "{4F1F6AC5-11B0-4627-B654-02B7C1ECEF6C}"
EndProject
Project("{FAE04EC0-301F-11D3-BF4B-00C04F79EFBC}") = "CharlieDog.WebAPI", "CharlieDog.WebAPI\CharlieDog.WebAPI.csproj", "{6EDC671A-D358-4389-BAB2-9A4CBA6B7481}"
EndProject
Project("{FAE04EC0-301F-11D3-BF4B-00C04F79EFBC}") = "CharlieDog.Dados", "CharlieDog.Dados\CharlieDog.Dados.csproj", "{CF62D51A-4967-4407-B24F-F79D92EF05D0}"
EndProject
Project("{FAE04EC0-301F-11D3-BF4B-00C04F79EFBC}") = "CharlieDog.Aplicacao", "CharlieDog.Aplicacao\CharlieDog.Aplicacao.csproj", "{D1AAE9D0-CEA1-4741-A0BC-4A9233B91A4F}"
EndProject
Project("{FAE04EC0-301F-11D3-BF4B-00C04F79EFBC}") = "CharlieDog.Dominio.Tests", "CharlieDog.Dominio.Tests\CharlieDog.Dominio.Tests.csproj", "{9F53417D-94F5-43F6-8547-9358D280628B}"
EndProject
Global
	GlobalSection(SolutionConfigurationPlatforms) = preSolution
		Debug|Any CPU = Debug|Any CPU
		Release|Any CPU = Release|Any CPU
	EndGlobalSection
	GlobalSection(ProjectConfigurationPlatforms) = postSolution
		{4F1F6AC5-11B0-4627-B654-02B7C1ECEF6C}.Debug|Any CPU.ActiveCfg = Debug|Any CPU
		{4F1F6AC5-11B0-4627-B654-02B7C1ECEF6C}.Debug|Any CPU.Build.0 = Debug|Any CPU
		{4F1F6AC5-11B0-4627-B654-02B7C1ECEF6C}.Release|Any CPU.ActiveCfg = Release|Any CPU
		{4F1F6AC5-11B0-4627-B654-02B7C1ECEF6C}.Release|Any CPU.Build.0 = Release|Any CPU
		{6EDC671A-D358-4389-BAB2-9A4CBA6B7481}.Debug|Any CPU.ActiveCfg = Debug|Any CPU
		{6EDC671A-D358-4389-BAB2-9A4CBA6B7481}.Debug|Any CPU.Build.0 = Debug|Any CPU
		{6EDC671A-D358-4389-BAB2-9A4CBA6B7481}.Release|Any CPU.ActiveCfg = Release|Any CPU
		{6EDC671A-D358-4389-BAB2-9A4CBA6B7481}.Release|Any CPU.Build.0 = Release|Any CPU
		{CF62D51A-4967-4407-B24F-F79D92EF05D0}.Debug|Any CPU.ActiveCfg = Debug|Any CPU
		{CF62D51A-4967-4407-B24F-F79D92EF05D0}.Debug|Any CPU.Build.0 = Debug|Any CPU
		{CF62D51A-4967-4407-B24F-F79D92EF05D0}.Release|Any CPU.ActiveCfg = Release|Any CPU
		{CF62D51A-4967-4407-B24F-F79D92EF05D0}.Release|Any CPU.Build.0 = Release|Any CPU
		{D1AAE9D0-CEA1-4741-A0BC-4A9233B91A4F}.Debug|Any CPU.ActiveCfg = Debug|Any CPU
		{D1AAE9D0-CEA1-4741-A0BC-4A9233B91A4F}.Debug|Any CPU.Build.0 = Debug|Any CPU
		{D1AAE9D0-CEA1-4741-A0BC-4A9233B91A4F}.Release|Any CPU.ActiveCfg = Release|Any CPU
		{D1AAE9D0-CEA1-4741-A0BC-4A9233B91A4F}.Release|Any CPU.Build.0 = Release|Any CPU
		{9F53417D-94F5-43F6-8547-9358D280628B}.Debug|Any CPU.ActiveCfg = Debug|Any CPU
		{9F53417D-94F5-43F6-8547-9358D280628B}.Debug|Any CPU.Build.0 = Debug|Any CPU
		{9F53417D-94F5-43F6-8547-9358D280628B}.Release|Any CPU.ActiveCfg = Release|Any CPU
		{9F53417D-94F5-43F6-8547-9358D280628B}.Release|Any CPU.Build.0 = Release|Any CPU
	EndGlobalSection
	GlobalSection(SolutionProperties) = preSolution
		HideSolutionNode = FALSE
	EndGlobalSection
EndGlobal
